// !$*UTF8*$!
{
	archiveVersion = 1;
	classes = {
	};
	objectVersion = 50;
	objects = {

/* Begin PBXBuildFile section */
		67860ABC2401BA3500471136 /* AppDelegate.swift in Sources */ = {isa = PBXBuildFile; fileRef = 67860ABB2401BA3500471136 /* AppDelegate.swift */; };
		67860ABE2401BA3500471136 /* SceneDelegate.swift in Sources */ = {isa = PBXBuildFile; fileRef = 67860ABD2401BA3500471136 /* SceneDelegate.swift */; };
		67860AC02401BA3500471136 /* ViewController.swift in Sources */ = {isa = PBXBuildFile; fileRef = 67860ABF2401BA3500471136 /* ViewController.swift */; };
		67860AC32401BA3500471136 /* Main.storyboard in Resources */ = {isa = PBXBuildFile; fileRef = 67860AC12401BA3500471136 /* Main.storyboard */; };
		67860AC52401BA3700471136 /* Assets.xcassets in Resources */ = {isa = PBXBuildFile; fileRef = 67860AC42401BA3700471136 /* Assets.xcassets */; };
		67860AC82401BA3700471136 /* LaunchScreen.storyboard in Resources */ = {isa = PBXBuildFile; fileRef = 67860AC62401BA3700471136 /* LaunchScreen.storyboard */; };
		67860AD02401BC1800471136 /* icons8-medical-mobile-app-64.png in Resources */ = {isa = PBXBuildFile; fileRef = 67860ACF2401BC1800471136 /* icons8-medical-mobile-app-64.png */; };
		67FD46952401C2FD00A5277B /* human_body_template___female_by_myraethcorax_d6yeynw-fullview.png in Resources */ = {isa = PBXBuildFile; fileRef = 67FD46942401C2FC00A5277B /* human_body_template___female_by_myraethcorax_d6yeynw-fullview.png */; };
		67FD46972401C4A000A5277B /* womanBack.png in Resources */ = {isa = PBXBuildFile; fileRef = 67FD46962401C4A000A5277B /* womanBack.png */; };
		67FD46992401C4A800A5277B /* womanFront.png in Resources */ = {isa = PBXBuildFile; fileRef = 67FD46982401C4A800A5277B /* womanFront.png */; };
		67FD469B2401FE4A00A5277B /* GradientView.swift in Sources */ = {isa = PBXBuildFile; fileRef = 67FD469A2401FE4A00A5277B /* GradientView.swift */; };
/* End PBXBuildFile section */

/* Begin PBXFileReference section */
		67860AB82401BA3500471136 /* MEDT.app */ = {isa = PBXFileReference; explicitFileType = wrapper.application; includeInIndex = 0; path = MEDT.app; sourceTree = BUILT_PRODUCTS_DIR; };
		67860ABB2401BA3500471136 /* AppDelegate.swift */ = {isa = PBXFileReference; lastKnownFileType = sourcecode.swift; path = AppDelegate.swift; sourceTree = "<group>"; };
		67860ABD2401BA3500471136 /* SceneDelegate.swift */ = {isa = PBXFileReference; lastKnownFileType = sourcecode.swift; path = SceneDelegate.swift; sourceTree = "<group>"; };
		67860ABF2401BA3500471136 /* ViewController.swift */ = {isa = PBXFileReference; lastKnownFileType = sourcecode.swift; path = ViewController.swift; sourceTree = "<group>"; };
		67860AC22401BA3500471136 /* Base */ = {isa = PBXFileReference; lastKnownFileType = file.storyboard; name = Base; path = Base.lproj/Main.storyboard; sourceTree = "<group>"; };
		67860AC42401BA3700471136 /* Assets.xcassets */ = {isa = PBXFileReference; lastKnownFileType = folder.assetcatalog; path = Assets.xcassets; sourceTree = "<group>"; };
		67860AC72401BA3700471136 /* Base */ = {isa = PBXFileReference; lastKnownFileType = file.storyboard; name = Base; path = Base.lproj/LaunchScreen.storyboard; sourceTree = "<group>"; };
		67860AC92401BA3700471136 /* Info.plist */ = {isa = PBXFileReference; lastKnownFileType = text.plist.xml; path = Info.plist; sourceTree = "<group>"; };
		67860ACF2401BC1800471136 /* icons8-medical-mobile-app-64.png */ = {isa = PBXFileReference; lastKnownFileType = image.png; name = "icons8-medical-mobile-app-64.png"; path = "../../../icons8-medical-mobile-app-64.png"; sourceTree = "<group>"; };
		67E59DD92402249200C46B6A /* es */ = {isa = PBXFileReference; lastKnownFileType = text.plist.strings; name = es; path = es.lproj/Main.strings; sourceTree = "<group>"; };
		67E59DDA2402249200C46B6A /* es */ = {isa = PBXFileReference; lastKnownFileType = text.plist.strings; name = es; path = es.lproj/LaunchScreen.strings; sourceTree = "<group>"; };
		67FD46942401C2FC00A5277B /* human_body_template___female_by_myraethcorax_d6yeynw-fullview.png */ = {isa = PBXFileReference; lastKnownFileType = image.png; name = "human_body_template___female_by_myraethcorax_d6yeynw-fullview.png"; path = "../../../human_body_template___female_by_myraethcorax_d6yeynw-fullview.png"; sourceTree = "<group>"; };
		67FD46962401C4A000A5277B /* womanBack.png */ = {isa = PBXFileReference; lastKnownFileType = image.png; path = womanBack.png; sourceTree = SOURCE_ROOT; };
		67FD46982401C4A800A5277B /* womanFront.png */ = {isa = PBXFileReference; lastKnownFileType = image.png; path = womanFront.png; sourceTree = SOURCE_ROOT; };
		67FD469A2401FE4A00A5277B /* GradientView.swift */ = {isa = PBXFileReference; lastKnownFileType = sourcecode.swift; path = GradientView.swift; sourceTree = "<group>"; };
/* End PBXFileReference section */

/* Begin PBXFrameworksBuildPhase section */
		67860AB52401BA3500471136 /* Frameworks */ = {
			isa = PBXFrameworksBuildPhase;
			buildActionMask = 2147483647;
			files = (
			);
			runOnlyForDeploymentPostprocessing = 0;
		};
/* End PBXFrameworksBuildPhase section */

/* Begin PBXGroup section */
		67860AAF2401BA3500471136 = {
			isa = PBXGroup;
			children = (
				67860ABA2401BA3500471136 /* MEDT */,
				67860AB92401BA3500471136 /* Products */,
			);
			sourceTree = "<group>";
		};
		67860AB92401BA3500471136 /* Products */ = {
			isa = PBXGroup;
			children = (
				67860AB82401BA3500471136 /* MEDT.app */,
			);
			name = Products;
			sourceTree = "<group>";
		};
		67860ABA2401BA3500471136 /* MEDT */ = {
			isa = PBXGroup;
			children = (
				67860ABB2401BA3500471136 /* AppDelegate.swift */,
				67860ABD2401BA3500471136 /* SceneDelegate.swift */,
				67860ABF2401BA3500471136 /* ViewController.swift */,
				67860AC12401BA3500471136 /* Main.storyboard */,
				67860AC42401BA3700471136 /* Assets.xcassets */,
				67860AC62401BA3700471136 /* LaunchScreen.storyboard */,
				67860AC92401BA3700471136 /* Info.plist */,
				67FD46982401C4A800A5277B /* womanFront.png */,
				67FD46962401C4A000A5277B /* womanBack.png */,
				67FD46942401C2FC00A5277B /* human_body_template___female_by_myraethcorax_d6yeynw-fullview.png */,
				67860ACF2401BC1800471136 /* icons8-medical-mobile-app-64.png */,
				67FD469A2401FE4A00A5277B /* GradientView.swift */,
			);
			path = MEDT;
			sourceTree = "<group>";
		};
/* End PBXGroup section */

/* Begin PBXNativeTarget section */
		67860AB72401BA3500471136 /* MEDT */ = {
			isa = PBXNativeTarget;
			buildConfigurationList = 67860ACC2401BA3700471136 /* Build configuration list for PBXNativeTarget "MEDT" */;
			buildPhases = (
				67860AB42401BA3500471136 /* Sources */,
				67860AB52401BA3500471136 /* Frameworks */,
				67860AB62401BA3500471136 /* Resources */,
			);
			buildRules = (
			);
			dependencies = (
			);
			name = MEDT;
			productName = MEDT;
			productReference = 67860AB82401BA3500471136 /* MEDT.app */;
			productType = "com.apple.product-type.application";
		};
/* End PBXNativeTarget section */

/* Begin PBXProject section */
		67860AB02401BA3500471136 /* Project object */ = {
			isa = PBXProject;
			attributes = {
				LastSwiftUpdateCheck = 1130;
				LastUpgradeCheck = 1130;
				ORGANIZATIONNAME = MECT;
				TargetAttributes = {
					67860AB72401BA3500471136 = {
						CreatedOnToolsVersion = 11.3.1;
					};
				};
			};
			buildConfigurationList = 67860AB32401BA3500471136 /* Build configuration list for PBXProject "MEDT" */;
			compatibilityVersion = "Xcode 9.3";
			developmentRegion = en;
			hasScannedForEncodings = 0;
			knownRegions = (
				en,
				Base,
				es,
			);
			mainGroup = 67860AAF2401BA3500471136;
			productRefGroup = 67860AB92401BA3500471136 /* Products */;
			projectDirPath = "";
			projectRoot = "";
			targets = (
				67860AB72401BA3500471136 /* MEDT */,
			);
		};
/* End PBXProject section */

/* Begin PBXResourcesBuildPhase section */
		67860AB62401BA3500471136 /* Resources */ = {
			isa = PBXResourcesBuildPhase;
			buildActionMask = 2147483647;
			files = (
				67860AC82401BA3700471136 /* LaunchScreen.storyboard in Resources */,
				67860AC52401BA3700471136 /* Assets.xcassets in Resources */,
				67860AD02401BC1800471136 /* icons8-medical-mobile-app-64.png in Resources */,
				67FD46972401C4A000A5277B /* womanBack.png in Resources */,
				67FD46952401C2FD00A5277B /* human_body_template___female_by_myraethcorax_d6yeynw-fullview.png in Resources */,
				67FD46992401C4A800A5277B /* womanFront.png in Resources */,
				67860AC32401BA3500471136 /* Main.storyboard in Resources */,
			);
			runOnlyForDeploymentPostprocessing = 0;
		};
/* End PBXResourcesBuildPhase section */

/* Begin PBXSourcesBuildPhase section */
		67860AB42401BA3500471136 /* Sources */ = {
			isa = PBXSourcesBuildPhase;
			buildActionMask = 2147483647;
			files = (
				67860AC02401BA3500471136 /* ViewController.swift in Sources */,
				67860ABC2401BA3500471136 /* AppDelegate.swift in Sources */,
				67FD469B2401FE4A00A5277B /* GradientView.swift in Sources */,
				67860ABE2401BA3500471136 /* SceneDelegate.swift in Sources */,
			);
			runOnlyForDeploymentPostprocessing = 0;
		};
/* End PBXSourcesBuildPhase section */

/* Begin PBXVariantGroup section */
		67860AC12401BA3500471136 /* Main.storyboard */ = {
			isa = PBXVariantGroup;
			children = (
				67860AC22401BA3500471136 /* Base */,
				67E59DD92402249200C46B6A /* es */,
			);
			name = Main.storyboard;
			sourceTree = "<group>";
		};
		67860AC62401BA3700471136 /* LaunchScreen.storyboard */ = {
			isa = PBXVariantGroup;
			children = (
				67860AC72401BA3700471136 /* Base */,
				67E59DDA2402249200C46B6A /* es */,
			);
			name = LaunchScreen.storyboard;
			sourceTree = "<group>";
		};
/* End PBXVariantGroup section */

/* Begin XCBuildConfiguration section */
		67860ACA2401BA3700471136 /* Debug */ = {
			isa = XCBuildConfiguration;
			buildSettings = {
				ALWAYS_SEARCH_USER_PATHS = NO;
				CLANG_ANALYZER_LOCALIZABILITY_NONLOCALIZED = YES;
				CLANG_ANALYZER_NONNULL = YES;
				CLANG_ANALYZER_NUMBER_OBJECT_CONVERSION = YES_AGGRESSIVE;
				CLANG_CXX_LANGUAGE_STANDARD = "gnu++14";
				CLANG_CXX_LIBRARY = "libc++";
				CLANG_ENABLE_MODULES = YES;
				CLANG_ENABLE_OBJC_ARC = YES;
				CLANG_ENABLE_OBJC_WEAK = YES;
				CLANG_WARN_BLOCK_CAPTURE_AUTORELEASING = YES;
				CLANG_WARN_BOOL_CONVERSION = YES;
				CLANG_WARN_COMMA = YES;
				CLANG_WARN_CONSTANT_CONVERSION = YES;
				CLANG_WARN_DEPRECATED_OBJC_IMPLEMENTATIONS = YES;
				CLANG_WARN_DIRECT_OBJC_ISA_USAGE = YES_ERROR;
				CLANG_WARN_DOCUMENTATION_COMMENTS = YES;
				CLANG_WARN_EMPTY_BODY = YES;
				CLANG_WARN_ENUM_CONVERSION = YES;
				CLANG_WARN_INFINITE_RECURSION = YES;
				CLANG_WARN_INT_CONVERSION = YES;
				CLANG_WARN_NON_LITERAL_NULL_CONVERSION = YES;
				CLANG_WARN_OBJC_IMPLICIT_RETAIN_SELF = YES;
				CLANG_WARN_OBJC_LITERAL_CONVERSION = YES;
				CLANG_WARN_OBJC_ROOT_CLASS = YES_ERROR;
				CLANG_WARN_RANGE_LOOP_ANALYSIS = YES;
				CLANG_WARN_STRICT_PROTOTYPES = YES;
				CLANG_WARN_SUSPICIOUS_MOVE = YES;
				CLANG_WARN_UNGUARDED_AVAILABILITY = YES_AGGRESSIVE;
				CLANG_WARN_UNREACHABLE_CODE = YES;
				CLANG_WARN__DUPLICATE_METHOD_MATCH = YES;
				COPY_PHASE_STRIP = NO;
				DEBUG_INFORMATION_FORMAT = dwarf;
				ENABLE_STRICT_OBJC_MSGSEND = YES;
				ENABLE_TESTABILITY = YES;
				GCC_C_LANGUAGE_STANDARD = gnu11;
				GCC_DYNAMIC_NO_PIC = NO;
				GCC_NO_COMMON_BLOCKS = YES;
				GCC_OPTIMIZATION_LEVEL = 0;
				GCC_PREPROCESSOR_DEFINITIONS = (
					"DEBUG=1",
					"$(inherited)",
				);
				GCC_WARN_64_TO_32_BIT_CONVERSION = YES;
				GCC_WARN_ABOUT_RETURN_TYPE = YES_ERROR;
				GCC_WARN_UNDECLARED_SELECTOR = YES;
				GCC_WARN_UNINITIALIZED_AUTOS = YES_AGGRESSIVE;
				GCC_WARN_UNUSED_FUNCTION = YES;
				GCC_WARN_UNUSED_VARIABLE = YES;
				IPHONEOS_DEPLOYMENT_TARGET = 13.2;
				MTL_ENABLE_DEBUG_INFO = INCLUDE_SOURCE;
				MTL_FAST_MATH = YES;
				ONLY_ACTIVE_ARCH = YES;
				SDKROOT = iphoneos;
				SWIFT_ACTIVE_COMPILATION_CONDITIONS = DEBUG;
				SWIFT_OPTIMIZATION_LEVEL = "-Onone";
			};
			name = Debug;
		};
		67860ACB2401BA3700471136 /* Release */ = {
			isa = XCBuildConfiguration;
			buildSettings = {
				ALWAYS_SEARCH_USER_PATHS = NO;
				CLANG_ANALYZER_LOCALIZABILITY_NONLOCALIZED = YES;
				CLANG_ANALYZER_NONNULL = YES;
				CLANG_ANALYZER_NUMBER_OBJECT_CONVERSION = YES_AGGRESSIVE;
				CLANG_CXX_LANGUAGE_STANDARD = "gnu++14";
				CLANG_CXX_LIBRARY = "libc++";
				CLANG_ENABLE_MODULES = YES;
				CLANG_ENABLE_OBJC_ARC = YES;
				CLANG_ENABLE_OBJC_WEAK = YES;
				CLANG_WARN_BLOCK_CAPTURE_AUTORELEASING = YES;
				CLANG_WARN_BOOL_CONVERSION = YES;
				CLANG_WARN_COMMA = YES;
				CLANG_WARN_CONSTANT_CONVERSION = YES;
				CLANG_WARN_DEPRECATED_OBJC_IMPLEMENTATIONS = YES;
				CLANG_WARN_DIRECT_OBJC_ISA_USAGE = YES_ERROR;
				CLANG_WARN_DOCUMENTATION_COMMENTS = YES;
				CLANG_WARN_EMPTY_BODY = YES;
				CLANG_WARN_ENUM_CONVERSION = YES;
				CLANG_WARN_INFINITE_RECURSION = YES;
				CLANG_WARN_INT_CONVERSION = YES;
				CLANG_WARN_NON_LITERAL_NULL_CONVERSION = YES;
				CLANG_WARN_OBJC_IMPLICIT_RETAIN_SELF = YES;
				CLANG_WARN_OBJC_LITERAL_CONVERSION = YES;
				CLANG_WARN_OBJC_ROOT_CLASS = YES_ERROR;
				CLANG_WARN_RANGE_LOOP_ANALYSIS = YES;
				CLANG_WARN_STRICT_PROTOTYPES = YES;
				CLANG_WARN_SUSPICIOUS_MOVE = YES;
				CLANG_WARN_UNGUARDED_AVAILABILITY = YES_AGGRESSIVE;
				CLANG_WARN_UNREACHABLE_CODE = YES;
				CLANG_WARN__DUPLICATE_METHOD_MATCH = YES;
				COPY_PHASE_STRIP = NO;
				DEBUG_INFORMATION_FORMAT = "dwarf-with-dsym";
				ENABLE_NS_ASSERTIONS = NO;
				ENABLE_STRICT_OBJC_MSGSEND = YES;
				GCC_C_LANGUAGE_STANDARD = gnu11;
				GCC_NO_COMMON_BLOCKS = YES;
				GCC_WARN_64_TO_32_BIT_CONVERSION = YES;
				GCC_WARN_ABOUT_RETURN_TYPE = YES_ERROR;
				GCC_WARN_UNDECLARED_SELECTOR = YES;
				GCC_WARN_UNINITIALIZED_AUTOS = YES_AGGRESSIVE;
				GCC_WARN_UNUSED_FUNCTION = YES;
				GCC_WARN_UNUSED_VARIABLE = YES;
				IPHONEOS_DEPLOYMENT_TARGET = 13.2;
				MTL_ENABLE_DEBUG_INFO = NO;
				MTL_FAST_MATH = YES;
				SDKROOT = iphoneos;
				SWIFT_COMPILATION_MODE = wholemodule;
				SWIFT_OPTIMIZATION_LEVEL = "-O";
				VALIDATE_PRODUCT = YES;
			};
			name = Release;
		};
		67860ACD2401BA3700471136 /* Debug */ = {
			isa = XCBuildConfiguration;
			buildSettings = {
				ASSETCATALOG_COMPILER_APPICON_NAME = AppIcon;
				CODE_SIGN_STYLE = Automatic;
				INFOPLIST_FILE = MEDT/Info.plist;
				LD_RUNPATH_SEARCH_PATHS = (
					"$(inherited)",
					"@executable_path/Frameworks",
				);
				PRODUCT_BUNDLE_IDENTIFIER = mect.MEDT;
				PRODUCT_NAME = "$(TARGET_NAME)";
				SWIFT_VERSION = 5.0;
				TARGETED_DEVICE_FAMILY = "1,2";
			};
			name = Debug;
		};
		67860ACE2401BA3700471136 /* Release */ = {
			isa = XCBuildConfiguration;
			buildSettings = {
				ASSETCATALOG_COMPILER_APPICON_NAME = AppIcon;
				CODE_SIGN_STYLE = Automatic;
				INFOPLIST_FILE = MEDT/Info.plist;
				LD_RUNPATH_SEARCH_PATHS = (
					"$(inherited)",
					"@executable_path/Frameworks",
				);
				PRODUCT_BUNDLE_IDENTIFIER = mect.MEDT;
				PRODUCT_NAME = "$(TARGET_NAME)";
				SWIFT_VERSION = 5.0;
				TARGETED_DEVICE_FAMILY = "1,2";
			};
			name = Release;
		};
/* End XCBuildConfiguration section */

/* Begin XCConfigurationList section */
		67860AB32401BA3500471136 /* Build configuration list for PBXProject "MEDT" */ = {
			isa = XCConfigurationList;
			buildConfigurations = (
				67860ACA2401BA3700471136 /* Debug */,
				67860ACB2401BA3700471136 /* Release */,
			);
			defaultConfigurationIsVisible = 0;
			defaultConfigurationName = Release;
		};
		67860ACC2401BA3700471136 /* Build configuration list for PBXNativeTarget "MEDT" */ = {
			isa = XCConfigurationList;
			buildConfigurations = (
				67860ACD2401BA3700471136 /* Debug */,
				67860ACE2401BA3700471136 /* Release */,
			);
			defaultConfigurationIsVisible = 0;
			defaultConfigurationName = Release;
		};
/* End XCConfigurationList section */
	};
	rootObject = 67860AB02401BA3500471136 /* Project object */;
}
